{
  "lockfile_version": "1",
  "packages": {
    "tmux@latest": {
      "last_modified": "2024-09-10T15:01:03Z",
      "resolved": "github:NixOS/nixpkgs/5ed627539ac84809c78b2dd6d26a5cebeb5ae269#tmux",
      "source": "devbox-search",
      "version": "3.4",
      "systems": {
        "aarch64-darwin": {
          "outputs": [
            {
              "name": "out",
              "path": "/nix/store/i2qcgjhhinmy7330mjhzv4zhkzgv4vpl-tmux-3.4",
              "default": true
            },
            {
              "name": "man",
              "path": "/nix/store/rvvj5fd8ix5nvnlhvr5nnrin3x5j4vfc-tmux-3.4-man",
              "default": true
            }
          ],
          "store_path": "/nix/store/i2qcgjhhinmy7330mjhzv4zhkzgv4vpl-tmux-3.4"
        },
        "aarch64-linux": {
          "outputs": [
            {
              "name": "out",
              "path": "/nix/store/lh0n9qvxsk1y022109zd6q3kyw1g2by9-tmux-3.4",
              "default": true
            },
            {
              "name": "man",
              "path": "/nix/store/q957sqaqgjl9vi4lq7l6xmcxciqlp7aw-tmux-3.4-man",
              "default": true
            }
          ],
          "store_path": "/nix/store/lh0n9qvxsk1y022109zd6q3kyw1g2by9-tmux-3.4"
        },
        "x86_64-darwin": {
          "outputs": [
            {
              "name": "out",
              "path": "/nix/store/xi4q2ksa7c56dd7w3m9b2lgf1kh9z8rm-tmux-3.4",
              "default": true
            },
            {
              "name": "man",
              "path": "/nix/store/2mpqw8j8vixpnr3k0l0kw8mif8lrry8p-tmux-3.4-man",
              "default": true
            }
          ],
          "store_path": "/nix/store/xi4q2ksa7c56dd7w3m9b2lgf1kh9z8rm-tmux-3.4"
        },
        "x86_64-linux": {
          "outputs": [
            {
              "name": "out",
              "path": "/nix/store/b9rynw53qcahdnp23df9h46qwvr40pld-tmux-3.4",
              "default": true
            },
            {
              "name": "man",
              "path": "/nix/store/pdc04qyy6fdrqa06g6lnxrv4db5n5qnc-tmux-3.4-man",
              "default": true
            }
          ],
          "store_path": "/nix/store/b9rynw53qcahdnp23df9h46qwvr40pld-tmux-3.4"
        }
      }
    }
  }
}
