{
  "lockfile_version": "1",
  "packages": {
    "direnv@latest": {
      "last_modified": "2024-12-03T12:40:06Z",
      "resolved": "github:NixOS/nixpkgs/566e53c2ad750c84f6d31f9ccb9d00f823165550#direnv",
      "source": "devbox-search",
      "version": "2.35.0",
      "systems": {
        "aarch64-darwin": {
          "outputs": [
            {
              "name": "out",
              "path": "/nix/store/r1hxmlsz24fq9hwwgxk1ki4lgcankc1r-direnv-2.35.0",
              "default": true
            }
          ],
          "store_path": "/nix/store/r1hxmlsz24fq9hwwgxk1ki4lgcankc1r-direnv-2.35.0"
        },
        "aarch64-linux": {
          "outputs": [
            {
              "name": "out",
              "path": "/nix/store/zil3mg3q4f2j28i531wz2j7xfrwc89gw-direnv-2.35.0",
              "default": true
            }
          ],
          "store_path": "/nix/store/zil3mg3q4f2j28i531wz2j7xfrwc89gw-direnv-2.35.0"
        },
        "x86_64-darwin": {
          "outputs": [
            {
              "name": "out",
              "path": "/nix/store/qyhj5v07m1ha8j8wfsisrq7xi34dqvvj-direnv-2.35.0",
              "default": true
            }
          ],
          "store_path": "/nix/store/qyhj5v07m1ha8j8wfsisrq7xi34dqvvj-direnv-2.35.0"
        },
        "x86_64-linux": {
          "outputs": [
            {
              "name": "out",
              "path": "/nix/store/irq2506ybbvsnpmb5gflcbg90390bmdg-direnv-2.35.0",
              "default": true
            }
          ],
          "store_path": "/nix/store/irq2506ybbvsnpmb5gflcbg90390bmdg-direnv-2.35.0"
        }
      }
    },
    "fzf@latest": {
      "last_modified": "2024-11-28T07:51:56Z",
      "resolved": "github:NixOS/nixpkgs/226216574ada4c3ecefcbbec41f39ce4655f78ef#fzf",
      "source": "devbox-search",
      "version": "0.56.3",
      "systems": {
        "aarch64-darwin": {
          "outputs": [
            {
              "name": "out",
              "path": "/nix/store/v9cd62sb080m29hasg39w0hnxi6cvjmx-fzf-0.56.3",
              "default": true
            },
            {
              "name": "man",
              "path": "/nix/store/qaldymxzix1a4si16i9pvqaijvkpw9f6-fzf-0.56.3-man",
              "default": true
            }
          ],
          "store_path": "/nix/store/v9cd62sb080m29hasg39w0hnxi6cvjmx-fzf-0.56.3"
        },
        "aarch64-linux": {
          "outputs": [
            {
              "name": "out",
              "path": "/nix/store/2smh7d1rkzjyqa952sm5jqwkqslc895c-fzf-0.56.3",
              "default": true
            },
            {
              "name": "man",
              "path": "/nix/store/i46cg45cly14i59k5ff57g2kjqc4m22l-fzf-0.56.3-man",
              "default": true
            }
          ],
          "store_path": "/nix/store/2smh7d1rkzjyqa952sm5jqwkqslc895c-fzf-0.56.3"
        },
        "x86_64-darwin": {
          "outputs": [
            {
              "name": "out",
              "path": "/nix/store/mbh8qrvh63bqkq6iq93gxaanfvbp9xfs-fzf-0.56.3",
              "default": true
            },
            {
              "name": "man",
              "path": "/nix/store/c2vrvijzfvk0n4dmf8xhxxaqz36zs2jv-fzf-0.56.3-man",
              "default": true
            }
          ],
          "store_path": "/nix/store/mbh8qrvh63bqkq6iq93gxaanfvbp9xfs-fzf-0.56.3"
        },
        "x86_64-linux": {
          "outputs": [
            {
              "name": "out",
              "path": "/nix/store/acy4f69mg1cpy98rxsi92cmxv9ariyk9-fzf-0.56.3",
              "default": true
            },
            {
              "name": "man",
              "path": "/nix/store/w0ixs5rmykxv73gzxf7by30djy6j3gva-fzf-0.56.3-man",
              "default": true
            }
          ],
          "store_path": "/nix/store/acy4f69mg1cpy98rxsi92cmxv9ariyk9-fzf-0.56.3"
        }
      }
    },
    "gcc@latest": {
      "last_modified": "2024-11-28T07:51:56Z",
      "resolved": "github:NixOS/nixpkgs/226216574ada4c3ecefcbbec41f39ce4655f78ef#gcc14",
      "source": "devbox-search",
      "version": "14.2.0",
      "systems": {
        "aarch64-darwin": {
          "outputs": [
            {
              "name": "out",
              "path": "/nix/store/dwc9f671myy3sz4rm4m443jvy6rnzv7b-gcc-wrapper-14.2.0",
              "default": true
            },
            {
              "name": "man",
              "path": "/nix/store/nnqyfq78qaa1d82w47b556w5ps3flb3i-gcc-wrapper-14.2.0-man",
              "default": true
            },
            {
              "name": "info",
              "path": "/nix/store/5sapbw67gia3gmsjr23cnprm07hqi2yh-gcc-wrapper-14.2.0-info"
            }
          ],
          "store_path": "/nix/store/dwc9f671myy3sz4rm4m443jvy6rnzv7b-gcc-wrapper-14.2.0"
        },
        "aarch64-linux": {
          "outputs": [
            {
              "name": "out",
              "path": "/nix/store/0azvy3f9a3ms9f3pr52qq28zpjzazi33-gcc-wrapper-14.2.0",
              "default": true
            },
            {
              "name": "man",
              "path": "/nix/store/w7ymcvba4fdpfbv2b8ga13kbb4410j3w-gcc-wrapper-14.2.0-man",
              "default": true
            },
            {
              "name": "info",
              "path": "/nix/store/i11sq98gmkk6mab9rf9ni73i5dby1094-gcc-wrapper-14.2.0-info"
            }
          ],
          "store_path": "/nix/store/0azvy3f9a3ms9f3pr52qq28zpjzazi33-gcc-wrapper-14.2.0"
        },
        "x86_64-darwin": {
          "outputs": [
            {
              "name": "out",
              "path": "/nix/store/5m0l09x46936cb53y9ay5l7rjannsc02-gcc-wrapper-14.2.0",
              "default": true
            },
            {
              "name": "man",
              "path": "/nix/store/c902pkm1sxygwqb940grdpnjgfzwby22-gcc-wrapper-14.2.0-man",
              "default": true
            },
            {
              "name": "info",
              "path": "/nix/store/6swl37ilpqqpdlmpl8xb188i2i8x44nx-gcc-wrapper-14.2.0-info"
            }
          ],
          "store_path": "/nix/store/5m0l09x46936cb53y9ay5l7rjannsc02-gcc-wrapper-14.2.0"
        },
        "x86_64-linux": {
          "outputs": [
            {
              "name": "out",
              "path": "/nix/store/6gh8zvlbnlc6bhhbi89z30pw2s0gxizr-gcc-wrapper-14.2.0",
              "default": true
            },
            {
              "name": "man",
              "path": "/nix/store/fpdld37mjzlzr2p3yqj4pi2193zq6xr9-gcc-wrapper-14.2.0-man",
              "default": true
            },
            {
              "name": "info",
              "path": "/nix/store/2398b2gs783za713pagxwz4v3x8gcfyl-gcc-wrapper-14.2.0-info"
            }
          ],
          "store_path": "/nix/store/6gh8zvlbnlc6bhhbi89z30pw2s0gxizr-gcc-wrapper-14.2.0"
        }
      }
    },
    "k9s@latest": {
      "last_modified": "2024-12-08T11:15:23Z",
      "resolved": "github:NixOS/nixpkgs/93dc9803a1ee435e590b02cde9589038d5cc3a4e#k9s",
      "source": "devbox-search",
      "version": "0.32.7",
      "systems": {
        "aarch64-darwin": {
          "outputs": [
            {
              "name": "out",
              "path": "/nix/store/g4qqj0b4zn6ggr3lnzchmwg2hqvhwxaa-k9s-0.32.7",
              "default": true
            }
          ],
          "store_path": "/nix/store/g4qqj0b4zn6ggr3lnzchmwg2hqvhwxaa-k9s-0.32.7"
        },
        "aarch64-linux": {
          "outputs": [
            {
              "name": "out",
              "path": "/nix/store/byb394izixahjb84hy5n12wigydx4skp-k9s-0.32.7",
              "default": true
            }
          ],
          "store_path": "/nix/store/byb394izixahjb84hy5n12wigydx4skp-k9s-0.32.7"
        },
        "x86_64-darwin": {
          "outputs": [
            {
              "name": "out",
              "path": "/nix/store/xn8vpvgjvzlparwi29a3z3i36hhghf8n-k9s-0.32.7",
              "default": true
            }
          ],
          "store_path": "/nix/store/xn8vpvgjvzlparwi29a3z3i36hhghf8n-k9s-0.32.7"
        },
        "x86_64-linux": {
          "outputs": [
            {
              "name": "out",
              "path": "/nix/store/y54drn2rzy4jrdpac4x3vn2lpmph9pwq-k9s-0.32.7",
              "default": true
            }
          ],
          "store_path": "/nix/store/y54drn2rzy4jrdpac4x3vn2lpmph9pwq-k9s-0.32.7"
        }
      }
    },
    "kubectl@latest": {
      "last_modified": "2024-11-28T07:51:56Z",
      "resolved": "github:NixOS/nixpkgs/226216574ada4c3ecefcbbec41f39ce4655f78ef#kubectl",
      "source": "devbox-search",
      "version": "1.31.2",
      "systems": {
        "aarch64-darwin": {
          "outputs": [
            {
              "name": "out",
              "path": "/nix/store/4y0isz580qj1gprqihb39jzvq1h3ys8d-kubectl-1.31.2",
              "default": true
            },
            {
              "name": "man",
              "path": "/nix/store/yn7jsawkgab95ly8wjzm7qk4axins9c0-kubectl-1.31.2-man",
              "default": true
            },
            {
              "name": "convert",
              "path": "/nix/store/mgfqyq94gz2rlfg7kfyxjhlxpd88rrx1-kubectl-1.31.2-convert"
            }
          ],
          "store_path": "/nix/store/4y0isz580qj1gprqihb39jzvq1h3ys8d-kubectl-1.31.2"
        },
        "aarch64-linux": {
          "outputs": [
            {
              "name": "out",
              "path": "/nix/store/hs22srzb0xw25047q72lzf8yvkyndayp-kubectl-1.31.2",
              "default": true
            },
            {
              "name": "man",
              "path": "/nix/store/m6pgvbcpw5yyiy5f2106ihkapk7kjv9l-kubectl-1.31.2-man",
              "default": true
            },
            {
              "name": "convert",
              "path": "/nix/store/mk43xaa0hzc5hsg115nfa89h8p05l70n-kubectl-1.31.2-convert"
            }
          ],
          "store_path": "/nix/store/hs22srzb0xw25047q72lzf8yvkyndayp-kubectl-1.31.2"
        },
        "x86_64-darwin": {
          "outputs": [
            {
              "name": "out",
              "path": "/nix/store/8dfd5d7i3q0jvqgzc2775kl8b5pbh7g9-kubectl-1.31.2",
              "default": true
            },
            {
              "name": "man",
              "path": "/nix/store/7rvlb9k6bs623m3f7k3ay52n9bx6id1h-kubectl-1.31.2-man",
              "default": true
            },
            {
              "name": "convert",
              "path": "/nix/store/d6yjj3akz8dddmjzp2hz2lyd1fwqaqq9-kubectl-1.31.2-convert"
            }
          ],
          "store_path": "/nix/store/8dfd5d7i3q0jvqgzc2775kl8b5pbh7g9-kubectl-1.31.2"
        },
        "x86_64-linux": {
          "outputs": [
            {
              "name": "out",
              "path": "/nix/store/wjr8vcdjb25ja1q3nvzwnzf5qg6iv8iy-kubectl-1.31.2",
              "default": true
            },
            {
              "name": "man",
              "path": "/nix/store/66mlhapc0wawjz2v05116nkp02lxinkx-kubectl-1.31.2-man",
              "default": true
            },
            {
              "name": "convert",
              "path": "/nix/store/44dsmqkr8c3lp4j417nshswcf0mpj9i5-kubectl-1.31.2-convert"
            }
          ],
          "store_path": "/nix/store/wjr8vcdjb25ja1q3nvzwnzf5qg6iv8iy-kubectl-1.31.2"
        }
      }
    },
    "lua@latest": {
      "last_modified": "2024-11-28T07:51:56Z",
      "resolved": "github:NixOS/nixpkgs/226216574ada4c3ecefcbbec41f39ce4655f78ef#lua",
      "source": "devbox-search",
      "version": "5.2.4",
      "systems": {
        "aarch64-darwin": {
          "outputs": [
            {
              "name": "out",
              "path": "/nix/store/nhckz6ddbl3b6z4aphdlvc93kd7g00w6-lua-5.2.4",
              "default": true
            },
            {
              "name": "doc",
              "path": "/nix/store/5q29fi94f0p62d8dg2xjn1r1ivgjai6b-lua-5.2.4-doc"
            }
          ],
          "store_path": "/nix/store/nhckz6ddbl3b6z4aphdlvc93kd7g00w6-lua-5.2.4"
        },
        "aarch64-linux": {
          "outputs": [
            {
              "name": "out",
              "path": "/nix/store/kwx8k2d7zlqcqrx062a64v63k2pp0yad-lua-5.2.4",
              "default": true
            },
            {
              "name": "doc",
              "path": "/nix/store/2g35sa0zrifw6a4fasslr80zdgyz8nq5-lua-5.2.4-doc"
            }
          ],
          "store_path": "/nix/store/kwx8k2d7zlqcqrx062a64v63k2pp0yad-lua-5.2.4"
        },
        "x86_64-darwin": {
          "outputs": [
            {
              "name": "out",
              "path": "/nix/store/w1yrpfwyhwlgd0ksj8vyxy0hs3m3iksz-lua-5.2.4",
              "default": true
            },
            {
              "name": "doc",
              "path": "/nix/store/l2w4g4x4wkfn4fb8s6g2rj7nw9d0vs1i-lua-5.2.4-doc"
            }
          ],
          "store_path": "/nix/store/w1yrpfwyhwlgd0ksj8vyxy0hs3m3iksz-lua-5.2.4"
        },
        "x86_64-linux": {
          "outputs": [
            {
              "name": "out",
              "path": "/nix/store/vv2p50k5sz6lb5ahnlbn11h8xz3sqawa-lua-5.2.4",
              "default": true
            },
            {
              "name": "doc",
              "path": "/nix/store/68lkvwdk5cj2a95a7wixrwnj571nvs6v-lua-5.2.4-doc"
            }
          ],
          "store_path": "/nix/store/vv2p50k5sz6lb5ahnlbn11h8xz3sqawa-lua-5.2.4"
        }
      }
    },
    "neovim@latest": {
      "last_modified": "2024-11-28T07:51:56Z",
      "resolved": "github:NixOS/nixpkgs/226216574ada4c3ecefcbbec41f39ce4655f78ef#neovim",
      "source": "devbox-search",
      "version": "0.10.2",
      "systems": {
        "aarch64-darwin": {
          "outputs": [
            {
              "name": "out",
              "path": "/nix/store/zqr0b3ggl0fn2g6f6rkan891swfw9r1a-neovim-0.10.2",
              "default": true
            }
          ],
          "store_path": "/nix/store/zqr0b3ggl0fn2g6f6rkan891swfw9r1a-neovim-0.10.2"
        },
        "aarch64-linux": {
          "outputs": [
            {
              "name": "out",
              "path": "/nix/store/br5qfpgnmaqa5ax5b1c84m032zgidknr-neovim-0.10.2",
              "default": true
            }
          ],
          "store_path": "/nix/store/br5qfpgnmaqa5ax5b1c84m032zgidknr-neovim-0.10.2"
        },
        "x86_64-darwin": {
          "outputs": [
            {
              "name": "out",
              "path": "/nix/store/86a94lyw5mmb3q3fw44hmklja8fh0frz-neovim-0.10.2",
              "default": true
            }
          ],
          "store_path": "/nix/store/86a94lyw5mmb3q3fw44hmklja8fh0frz-neovim-0.10.2"
        },
        "x86_64-linux": {
          "outputs": [
            {
              "name": "out",
              "path": "/nix/store/f797mj862kxlg29016i0ld6k55im11ii-neovim-0.10.2",
              "default": true
            }
          ],
          "store_path": "/nix/store/f797mj862kxlg29016i0ld6k55im11ii-neovim-0.10.2"
        }
      }
    },
    "ripgrep@latest": {
      "last_modified": "2024-11-16T04:25:12Z",
      "resolved": "github:NixOS/nixpkgs/34a626458d686f1b58139620a8b2793e9e123bba#ripgrep",
      "source": "devbox-search",
      "version": "14.1.1",
      "systems": {
        "aarch64-darwin": {
          "outputs": [
            {
              "name": "out",
              "path": "/nix/store/rwz7cqq6df56r0225r2hn8dvwqkpps6k-ripgrep-14.1.1",
              "default": true
            }
          ],
          "store_path": "/nix/store/rwz7cqq6df56r0225r2hn8dvwqkpps6k-ripgrep-14.1.1"
        },
        "aarch64-linux": {
          "outputs": [
            {
              "name": "out",
              "path": "/nix/store/cn3x8hlhpz8fyp0f2qpbsh8jjlxlrfm3-ripgrep-14.1.1",
              "default": true
            }
          ],
          "store_path": "/nix/store/cn3x8hlhpz8fyp0f2qpbsh8jjlxlrfm3-ripgrep-14.1.1"
        },
        "x86_64-darwin": {
          "outputs": [
            {
              "name": "out",
              "path": "/nix/store/lf1zp7xmzjzkr7xw47flx0h88ixy293z-ripgrep-14.1.1",
              "default": true
            }
          ],
          "store_path": "/nix/store/lf1zp7xmzjzkr7xw47flx0h88ixy293z-ripgrep-14.1.1"
        },
        "x86_64-linux": {
          "outputs": [
            {
              "name": "out",
              "path": "/nix/store/6gd9yardd6qk9dkgdbmh1vnac0vmkh7d-ripgrep-14.1.1",
              "default": true
            }
          ],
          "store_path": "/nix/store/6gd9yardd6qk9dkgdbmh1vnac0vmkh7d-ripgrep-14.1.1"
        }
      }
    },
    "tmux@latest": {
      "last_modified": "2024-09-28T11:58:19Z",
      "resolved": "github:NixOS/nixpkgs/b5b2fecd0cadd82ef107c9583018f381ae70f222#tmux",
      "source": "devbox-search",
      "version": "3.5",
      "systems": {
        "aarch64-darwin": {
          "outputs": [
            {
              "name": "out",
              "path": "/nix/store/hb9rmacsyjn2jbkfl12ax66qj9z86w8l-tmux-3.5",
              "default": true
            },
            {
              "name": "man",
              "path": "/nix/store/fzmxcplr3rqr0vm642fyschn4n43q43p-tmux-3.5-man",
              "default": true
            }
          ],
          "store_path": "/nix/store/hb9rmacsyjn2jbkfl12ax66qj9z86w8l-tmux-3.5"
        },
        "aarch64-linux": {
          "outputs": [
            {
              "name": "out",
              "path": "/nix/store/02sk9lggxfn3l59fk4zcyz5mr2li0zk9-tmux-3.5",
              "default": true
            },
            {
              "name": "man",
              "path": "/nix/store/mhsiwx0famlrp02d0lkiwdjiad5kc0qi-tmux-3.5-man",
              "default": true
            }
          ],
          "store_path": "/nix/store/02sk9lggxfn3l59fk4zcyz5mr2li0zk9-tmux-3.5"
        },
        "x86_64-darwin": {
          "outputs": [
            {
              "name": "out",
              "path": "/nix/store/ssaxd12iqz2mzacm782jpmyhdwydd4ra-tmux-3.5",
              "default": true
            },
            {
              "name": "man",
              "path": "/nix/store/zwsa51g32xdfpk9q2lpvvbrixf6jzhp3-tmux-3.5-man",
              "default": true
            }
          ],
          "store_path": "/nix/store/ssaxd12iqz2mzacm782jpmyhdwydd4ra-tmux-3.5"
        },
        "x86_64-linux": {
          "outputs": [
            {
              "name": "out",
              "path": "/nix/store/ci8crawb4cqjlqsmvbr9q27hpc16pbf9-tmux-3.5",
              "default": true
            },
            {
              "name": "man",
              "path": "/nix/store/ld4q0lkfk2vkh4jj6ql01j0qyb2g8qlj-tmux-3.5-man",
              "default": true
            }
          ],
          "store_path": "/nix/store/ci8crawb4cqjlqsmvbr9q27hpc16pbf9-tmux-3.5"
        }
      }
    },
    "unzip@latest": {
      "last_modified": "2024-11-28T07:51:56Z",
      "resolved": "github:NixOS/nixpkgs/226216574ada4c3ecefcbbec41f39ce4655f78ef#unzip",
      "source": "devbox-search",
      "version": "6.0",
      "systems": {
        "aarch64-darwin": {
          "outputs": [
            {
              "name": "out",
              "path": "/nix/store/9i5s1wwyvr2q0p4ms4a5205a2r22sy86-unzip-6.0",
              "default": true
            }
          ],
          "store_path": "/nix/store/9i5s1wwyvr2q0p4ms4a5205a2r22sy86-unzip-6.0"
        },
        "aarch64-linux": {
          "outputs": [
            {
              "name": "out",
              "path": "/nix/store/12h3m4j6635b043aa2r5kzx2lwchvjqw-unzip-6.0",
              "default": true
            }
          ],
          "store_path": "/nix/store/12h3m4j6635b043aa2r5kzx2lwchvjqw-unzip-6.0"
        },
        "x86_64-darwin": {
          "outputs": [
            {
              "name": "out",
              "path": "/nix/store/hwpky1zqgs1hl7zb7ib3m7gb912kkrpg-unzip-6.0",
              "default": true
            }
          ],
          "store_path": "/nix/store/hwpky1zqgs1hl7zb7ib3m7gb912kkrpg-unzip-6.0"
        },
        "x86_64-linux": {
          "outputs": [
            {
              "name": "out",
              "path": "/nix/store/nqhwigwwp19w6xjy86v7jqr0aj6kal44-unzip-6.0",
              "default": true
            }
          ],
          "store_path": "/nix/store/nqhwigwwp19w6xjy86v7jqr0aj6kal44-unzip-6.0"
        }
      }
    },
    "xclip@latest": {
      "last_modified": "2024-11-28T07:51:56Z",
      "resolved": "github:NixOS/nixpkgs/226216574ada4c3ecefcbbec41f39ce4655f78ef#xclip",
      "source": "devbox-search",
      "version": "0.13",
      "systems": {
        "aarch64-darwin": {
          "outputs": [
            {
              "name": "out",
              "path": "/nix/store/wysimvb25700c120bbnznaywlhz612dl-xclip-0.13",
              "default": true
            }
          ],
          "store_path": "/nix/store/wysimvb25700c120bbnznaywlhz612dl-xclip-0.13"
        },
        "aarch64-linux": {
          "outputs": [
            {
              "name": "out",
              "path": "/nix/store/gyx7z22b0qrd3d843jlkpxrg5rajdfzb-xclip-0.13",
              "default": true
            }
          ],
          "store_path": "/nix/store/gyx7z22b0qrd3d843jlkpxrg5rajdfzb-xclip-0.13"
        },
        "x86_64-darwin": {
          "outputs": [
            {
              "name": "out",
              "path": "/nix/store/2qjwlw63dsr9pipnv3f25fkavf879y0l-xclip-0.13",
              "default": true
            }
          ],
          "store_path": "/nix/store/2qjwlw63dsr9pipnv3f25fkavf879y0l-xclip-0.13"
        },
        "x86_64-linux": {
          "outputs": [
            {
              "name": "out",
              "path": "/nix/store/fdc9xcqb789ny1rvmadz2v13ri7ndb1x-xclip-0.13",
              "default": true
            }
          ],
          "store_path": "/nix/store/fdc9xcqb789ny1rvmadz2v13ri7ndb1x-xclip-0.13"
        }
      }
    }
  }
}
