{
  "lockfile_version": "1",
  "packages": {
    "direnv@latest": {
      "last_modified": "2025-02-07T11:26:36Z",
      "resolved": "github:NixOS/nixpkgs/d98abf5cf5914e5e4e9d57205e3af55ca90ffc1d#direnv",
      "source": "devbox-search",
      "version": "2.35.0",
      "systems": {
        "aarch64-darwin": {
          "outputs": [
            {
              "name": "out",
              "path": "/nix/store/4dg5yb1b41ygk74ghib220aics90p44m-direnv-2.35.0",
              "default": true
            }
          ],
          "store_path": "/nix/store/4dg5yb1b41ygk74ghib220aics90p44m-direnv-2.35.0"
        },
        "aarch64-linux": {
          "outputs": [
            {
              "name": "out",
              "path": "/nix/store/98b4ajy1yar6iv0kd4zih7q07p1mg223-direnv-2.35.0",
              "default": true
            }
          ],
          "store_path": "/nix/store/98b4ajy1yar6iv0kd4zih7q07p1mg223-direnv-2.35.0"
        },
        "x86_64-darwin": {
          "outputs": [
            {
              "name": "out",
              "path": "/nix/store/3zjm59hmy9j95j553dfn1mhqb3kjglmy-direnv-2.35.0",
              "default": true
            }
          ],
          "store_path": "/nix/store/3zjm59hmy9j95j553dfn1mhqb3kjglmy-direnv-2.35.0"
        },
        "x86_64-linux": {
          "outputs": [
            {
              "name": "out",
              "path": "/nix/store/g7yx0vj7bykfpp27klsa12fcx7pn3sqv-direnv-2.35.0",
              "default": true
            }
          ],
          "store_path": "/nix/store/g7yx0vj7bykfpp27klsa12fcx7pn3sqv-direnv-2.35.0"
        }
      }
    },
    "fzf@latest": {
      "last_modified": "2025-02-24T11:23:12Z",
      "resolved": "github:NixOS/nixpkgs/d9b69c3ec2a2e2e971c534065bdd53374bd68b97#fzf",
      "source": "devbox-search",
      "version": "0.60.2",
      "systems": {
        "aarch64-darwin": {
          "outputs": [
            {
              "name": "out",
              "path": "/nix/store/wravvbjg8cpqff5bkvj7mj37z9bbg5qz-fzf-0.60.2",
              "default": true
            },
            {
              "name": "man",
              "path": "/nix/store/nx5hyj13zrgd9s0g4d4rg9fsfs90ckac-fzf-0.60.2-man",
              "default": true
            }
          ],
          "store_path": "/nix/store/wravvbjg8cpqff5bkvj7mj37z9bbg5qz-fzf-0.60.2"
        },
        "aarch64-linux": {
          "outputs": [
            {
              "name": "out",
              "path": "/nix/store/zzppzfh25q9ki38rfhz40q3kjvs74wxs-fzf-0.60.2",
              "default": true
            },
            {
              "name": "man",
              "path": "/nix/store/r9j5z3ixri7awrjm6bmm47rinqikdh7g-fzf-0.60.2-man",
              "default": true
            }
          ],
          "store_path": "/nix/store/zzppzfh25q9ki38rfhz40q3kjvs74wxs-fzf-0.60.2"
        },
        "x86_64-darwin": {
          "outputs": [
            {
              "name": "out",
              "path": "/nix/store/40z445m6hbpb1szazfkrcm5p7ivn0nm7-fzf-0.60.2",
              "default": true
            },
            {
              "name": "man",
              "path": "/nix/store/fjvpdl8l76ylxdq75x2h44jhxgg4vf79-fzf-0.60.2-man",
              "default": true
            }
          ],
          "store_path": "/nix/store/40z445m6hbpb1szazfkrcm5p7ivn0nm7-fzf-0.60.2"
        },
        "x86_64-linux": {
          "outputs": [
            {
              "name": "out",
              "path": "/nix/store/y2fbihhpi1ml7m63c723qgh4izdvy1rr-fzf-0.60.2",
              "default": true
            },
            {
              "name": "man",
              "path": "/nix/store/wn15k4ld70prb9ay1fy1770x2vlfks87-fzf-0.60.2-man",
              "default": true
            }
          ],
          "store_path": "/nix/store/y2fbihhpi1ml7m63c723qgh4izdvy1rr-fzf-0.60.2"
        }
      }
    },
    "gcc@latest": {
      "last_modified": "2025-02-07T11:26:36Z",
      "resolved": "github:NixOS/nixpkgs/d98abf5cf5914e5e4e9d57205e3af55ca90ffc1d#gcc",
      "source": "devbox-search",
      "version": "14-20241116",
      "systems": {
        "aarch64-darwin": {
          "outputs": [
            {
              "name": "out",
              "path": "/nix/store/3k1dfk03xkmaf6cksgpk492k3m8brvmp-gcc-wrapper-14-20241116",
              "default": true
            },
            {
              "name": "man",
              "path": "/nix/store/cf67mihrjf3a1w4sw8jkgw49kfi54wpq-gcc-wrapper-14-20241116-man",
              "default": true
            },
            {
              "name": "info",
              "path": "/nix/store/jgsywypzhdim8s6x25cnr31ygm28lhin-gcc-wrapper-14-20241116-info"
            }
          ],
          "store_path": "/nix/store/3k1dfk03xkmaf6cksgpk492k3m8brvmp-gcc-wrapper-14-20241116"
        },
        "aarch64-linux": {
          "outputs": [
            {
              "name": "out",
              "path": "/nix/store/pavcqvq7ycdbpal1mfjsscvgngzsg9sp-gcc-wrapper-14-20241116",
              "default": true
            },
            {
              "name": "man",
              "path": "/nix/store/srwbca27wpylwzaqz9ssbhlkx910ryv1-gcc-wrapper-14-20241116-man",
              "default": true
            },
            {
              "name": "info",
              "path": "/nix/store/yrdz1bra65cc9i2n2ghsz98g4fx2jra3-gcc-wrapper-14-20241116-info"
            }
          ],
          "store_path": "/nix/store/pavcqvq7ycdbpal1mfjsscvgngzsg9sp-gcc-wrapper-14-20241116"
        },
        "x86_64-darwin": {
          "outputs": [
            {
              "name": "out",
              "path": "/nix/store/g2462k2svl4zn5q7yypqirp6xxq0s9aq-gcc-wrapper-14-20241116",
              "default": true
            },
            {
              "name": "man",
              "path": "/nix/store/s0vndfpg8gsz40wmf3v11csk3n497kqm-gcc-wrapper-14-20241116-man",
              "default": true
            },
            {
              "name": "info",
              "path": "/nix/store/3x75ibh7rj95vm09q38iqj8l5jwbrarl-gcc-wrapper-14-20241116-info"
            }
          ],
          "store_path": "/nix/store/g2462k2svl4zn5q7yypqirp6xxq0s9aq-gcc-wrapper-14-20241116"
        },
        "x86_64-linux": {
          "outputs": [
            {
              "name": "out",
              "path": "/nix/store/4ijy8jbsiqmj37avrk83gn2m903486mr-gcc-wrapper-14-20241116",
              "default": true
            },
            {
              "name": "man",
              "path": "/nix/store/vyax7fpbw688qwx32c1i8n1f5jbjkcii-gcc-wrapper-14-20241116-man",
              "default": true
            },
            {
              "name": "info",
              "path": "/nix/store/m4641rrm7dw80bn23ab0812pm6aj6402-gcc-wrapper-14-20241116-info"
            }
          ],
          "store_path": "/nix/store/4ijy8jbsiqmj37avrk83gn2m903486mr-gcc-wrapper-14-20241116"
        }
      }
    },
    "github:NixOS/nixpkgs/nixpkgs-unstable": {
      "resolved": "github:NixOS/nixpkgs/02032da4af073d0f6110540c8677f16d4be0117f?lastModified=1741037377&narHash=sha256-SvtvVKHaUX4Owb%2BPasySwZsoc5VUeTf1px34BByiOxw%3D"
    },
    "grpcurl@latest": {
      "last_modified": "2025-02-07T11:26:36Z",
      "resolved": "github:NixOS/nixpkgs/d98abf5cf5914e5e4e9d57205e3af55ca90ffc1d#grpcurl",
      "source": "devbox-search",
      "version": "1.9.2",
      "systems": {
        "aarch64-darwin": {
          "outputs": [
            {
              "name": "out",
              "path": "/nix/store/05kdwwvmfydagpbzc6cdgscpl8sn0c58-grpcurl-1.9.2",
              "default": true
            }
          ],
          "store_path": "/nix/store/05kdwwvmfydagpbzc6cdgscpl8sn0c58-grpcurl-1.9.2"
        },
        "aarch64-linux": {
          "outputs": [
            {
              "name": "out",
              "path": "/nix/store/wr6jxrycl9pf11b8akqz07jlpgwz3f9b-grpcurl-1.9.2",
              "default": true
            }
          ],
          "store_path": "/nix/store/wr6jxrycl9pf11b8akqz07jlpgwz3f9b-grpcurl-1.9.2"
        },
        "x86_64-darwin": {
          "outputs": [
            {
              "name": "out",
              "path": "/nix/store/4qrz6m8vbb24d9hzq0w2dwnx7cnawlxj-grpcurl-1.9.2",
              "default": true
            }
          ],
          "store_path": "/nix/store/4qrz6m8vbb24d9hzq0w2dwnx7cnawlxj-grpcurl-1.9.2"
        },
        "x86_64-linux": {
          "outputs": [
            {
              "name": "out",
              "path": "/nix/store/w2mr594n72f3z34cpr4i3jkv0f0d250b-grpcurl-1.9.2",
              "default": true
            }
          ],
          "store_path": "/nix/store/w2mr594n72f3z34cpr4i3jkv0f0d250b-grpcurl-1.9.2"
        }
      }
    },
    "jq@latest": {
      "last_modified": "2025-03-01T01:09:10Z",
      "resolved": "github:NixOS/nixpkgs/199169a2135e6b864a888e89a2ace345703c025d#jq",
      "source": "devbox-search",
      "version": "1.7.1",
      "systems": {
        "aarch64-darwin": {
          "outputs": [
            {
              "name": "bin",
              "path": "/nix/store/h67qb8yrnfja706ch9f2yfq1i0bz4mn1-jq-1.7.1-bin",
              "default": true
            },
            {
              "name": "man",
              "path": "/nix/store/dq242j6q44xlqlp7y6fjg7bmpd82m6li-jq-1.7.1-man",
              "default": true
            },
            {
              "name": "doc",
              "path": "/nix/store/6pnnni79b8018j88i2ynn1630qlwaphp-jq-1.7.1-doc"
            },
            {
              "name": "out",
              "path": "/nix/store/p73la466zw37g7z5d2qy3zz9mamf3gsv-jq-1.7.1"
            },
            {
              "name": "dev",
              "path": "/nix/store/v8anx27z4ib0gf7p1bh27j2g8zl37npb-jq-1.7.1-dev"
            }
          ],
          "store_path": "/nix/store/h67qb8yrnfja706ch9f2yfq1i0bz4mn1-jq-1.7.1-bin"
        },
        "aarch64-linux": {
          "outputs": [
            {
              "name": "bin",
              "path": "/nix/store/iqyxj9kb5g5w347svfwskiyahrplwxgb-jq-1.7.1-bin",
              "default": true
            },
            {
              "name": "man",
              "path": "/nix/store/ikr9p51fkdc932kmbmnq4wji81cyaw7m-jq-1.7.1-man",
              "default": true
            },
            {
              "name": "doc",
              "path": "/nix/store/z96h0lbll50v9m5fly0mvrqxibiv07gj-jq-1.7.1-doc"
            },
            {
              "name": "out",
              "path": "/nix/store/lnzkzs9zlpap9vizx5ds11a2kkpcfm5a-jq-1.7.1"
            },
            {
              "name": "dev",
              "path": "/nix/store/a3n8r9jn9g78yhb8xamgml3vlsv4qc3w-jq-1.7.1-dev"
            }
          ],
          "store_path": "/nix/store/iqyxj9kb5g5w347svfwskiyahrplwxgb-jq-1.7.1-bin"
        },
        "x86_64-darwin": {
          "outputs": [
            {
              "name": "bin",
              "path": "/nix/store/kvdl82szh102c3bmqfcymfhhdgmmpiqw-jq-1.7.1-bin",
              "default": true
            },
            {
              "name": "man",
              "path": "/nix/store/66hkk82yqg7dnjx8dj32kxhp4mna06ry-jq-1.7.1-man",
              "default": true
            },
            {
              "name": "doc",
              "path": "/nix/store/yh6klqhz2sxa8y3yfsxy828mhbkcdy34-jq-1.7.1-doc"
            },
            {
              "name": "out",
              "path": "/nix/store/q3cn39yz907p3h8ndqf9ljcakh2pzsrv-jq-1.7.1"
            },
            {
              "name": "dev",
              "path": "/nix/store/bpdizbcr45r3m1k75sxcmdbqi8i2khmd-jq-1.7.1-dev"
            }
          ],
          "store_path": "/nix/store/kvdl82szh102c3bmqfcymfhhdgmmpiqw-jq-1.7.1-bin"
        },
        "x86_64-linux": {
          "outputs": [
            {
              "name": "bin",
              "path": "/nix/store/xqh11ih3h2y85sgjjighlskp2llhswmz-jq-1.7.1-bin",
              "default": true
            },
            {
              "name": "man",
              "path": "/nix/store/v14f5in0m2yx4561dbs2mbplsgi0hx26-jq-1.7.1-man",
              "default": true
            },
            {
              "name": "dev",
              "path": "/nix/store/bsa64w792v82bx2nanmygc4fg690f4a0-jq-1.7.1-dev"
            },
            {
              "name": "doc",
              "path": "/nix/store/gskl3sys6n7r8rg768smngn1n52w09ag-jq-1.7.1-doc"
            },
            {
              "name": "out",
              "path": "/nix/store/75lxfnxl0wsifkqs6pb7rdmanrdd6qjp-jq-1.7.1"
            }
          ],
          "store_path": "/nix/store/xqh11ih3h2y85sgjjighlskp2llhswmz-jq-1.7.1-bin"
        }
      }
    },
    "k9s@latest": {
      "last_modified": "2025-02-23T09:42:26Z",
      "resolved": "github:NixOS/nixpkgs/2d068ae5c6516b2d04562de50a58c682540de9bf#k9s",
      "source": "devbox-search",
      "version": "0.40.5",
      "systems": {
        "aarch64-darwin": {
          "outputs": [
            {
              "name": "out",
              "path": "/nix/store/nik8n4pwpbgkmk12q2lsjnf2bk778w70-k9s-0.40.5",
              "default": true
            }
          ],
          "store_path": "/nix/store/nik8n4pwpbgkmk12q2lsjnf2bk778w70-k9s-0.40.5"
        },
        "aarch64-linux": {
          "outputs": [
            {
              "name": "out",
              "path": "/nix/store/7f81z71pxyz7xr8s8m1l5zp17cq9c22m-k9s-0.40.5",
              "default": true
            }
          ],
          "store_path": "/nix/store/7f81z71pxyz7xr8s8m1l5zp17cq9c22m-k9s-0.40.5"
        },
        "x86_64-darwin": {
          "outputs": [
            {
              "name": "out",
              "path": "/nix/store/r7iqfz7bvx84jgyydn05g1yb24gfzgxd-k9s-0.40.5",
              "default": true
            }
          ],
          "store_path": "/nix/store/r7iqfz7bvx84jgyydn05g1yb24gfzgxd-k9s-0.40.5"
        },
        "x86_64-linux": {
          "outputs": [
            {
              "name": "out",
              "path": "/nix/store/iycvjam25lspv9hfi5mqfdpfmxmj7kg3-k9s-0.40.5",
              "default": true
            }
          ],
          "store_path": "/nix/store/iycvjam25lspv9hfi5mqfdpfmxmj7kg3-k9s-0.40.5"
        }
      }
    },
    "kubectl@latest": {
      "last_modified": "2025-02-16T00:50:12Z",
      "resolved": "github:NixOS/nixpkgs/1dcdd535fef84d4671129a10e7072d56dca9a4d3#kubectl",
      "source": "devbox-search",
      "version": "1.32.2",
      "systems": {
        "aarch64-darwin": {
          "outputs": [
            {
              "name": "out",
              "path": "/nix/store/fdg47848h1jm48dvq34vzjx7pxipipyj-kubectl-1.32.2",
              "default": true
            },
            {
              "name": "man",
              "path": "/nix/store/nwpq48a67gn7xvma4k76wa3dl5qpc9jw-kubectl-1.32.2-man",
              "default": true
            },
            {
              "name": "convert",
              "path": "/nix/store/2l56gryy2lc3bxd1k28d606r23872vj1-kubectl-1.32.2-convert"
            }
          ],
          "store_path": "/nix/store/fdg47848h1jm48dvq34vzjx7pxipipyj-kubectl-1.32.2"
        },
        "aarch64-linux": {
          "outputs": [
            {
              "name": "out",
              "path": "/nix/store/ln7cfszvc6gjjrarbv0ipf1h8yzgkl46-kubectl-1.32.2",
              "default": true
            },
            {
              "name": "man",
              "path": "/nix/store/m79ivh1p7158mycrxiqslsdwqz0a2y15-kubectl-1.32.2-man",
              "default": true
            },
            {
              "name": "convert",
              "path": "/nix/store/x9c450w9l5l9hdb4sqvysi6wlsg522x7-kubectl-1.32.2-convert"
            }
          ],
          "store_path": "/nix/store/ln7cfszvc6gjjrarbv0ipf1h8yzgkl46-kubectl-1.32.2"
        },
        "x86_64-darwin": {
          "outputs": [
            {
              "name": "out",
              "path": "/nix/store/b2js0qn4da3bl7xi06q5prx27gd5fch8-kubectl-1.32.2",
              "default": true
            },
            {
              "name": "man",
              "path": "/nix/store/97yz99gy3hg69b6jjaqi01126ld5hgpl-kubectl-1.32.2-man",
              "default": true
            },
            {
              "name": "convert",
              "path": "/nix/store/1cr7phxn688by6bgzrpr5x6pv29dzknp-kubectl-1.32.2-convert"
            }
          ],
          "store_path": "/nix/store/b2js0qn4da3bl7xi06q5prx27gd5fch8-kubectl-1.32.2"
        },
        "x86_64-linux": {
          "outputs": [
            {
              "name": "out",
              "path": "/nix/store/d4hd150ffhnayv270mpacjkv57agyxyd-kubectl-1.32.2",
              "default": true
            },
            {
              "name": "man",
              "path": "/nix/store/37p1rr7vy6kmfhih65p6lvwc1cx64z6x-kubectl-1.32.2-man",
              "default": true
            },
            {
              "name": "convert",
              "path": "/nix/store/9ydig9bf3sgbsgxi06jw1128cdrpvfm1-kubectl-1.32.2-convert"
            }
          ],
          "store_path": "/nix/store/d4hd150ffhnayv270mpacjkv57agyxyd-kubectl-1.32.2"
        }
      }
    },
    "lua@latest": {
      "last_modified": "2025-02-07T11:26:36Z",
      "resolved": "github:NixOS/nixpkgs/d98abf5cf5914e5e4e9d57205e3af55ca90ffc1d#lua",
      "source": "devbox-search",
      "version": "5.2.4",
      "systems": {
        "aarch64-darwin": {
          "outputs": [
            {
              "name": "out",
              "path": "/nix/store/vx6k1gbxw9sv11b69vx5f95znjh3h0l7-lua-5.2.4",
              "default": true
            },
            {
              "name": "doc",
              "path": "/nix/store/kbb0y5afx9jiimydrx0rqnwj7zp8c0wb-lua-5.2.4-doc"
            }
          ],
          "store_path": "/nix/store/vx6k1gbxw9sv11b69vx5f95znjh3h0l7-lua-5.2.4"
        },
        "aarch64-linux": {
          "outputs": [
            {
              "name": "out",
              "path": "/nix/store/sg5hbhrd7cs5rza0j0ljsq0dp2xakw77-lua-5.2.4",
              "default": true
            },
            {
              "name": "doc",
              "path": "/nix/store/lvl20sn5aa3z0h8yv9sb4q4dbpry1amy-lua-5.2.4-doc"
            }
          ],
          "store_path": "/nix/store/sg5hbhrd7cs5rza0j0ljsq0dp2xakw77-lua-5.2.4"
        },
        "x86_64-darwin": {
          "outputs": [
            {
              "name": "out",
              "path": "/nix/store/3c91cxfl0nwhjqpd7gadb7mj33fzhwkv-lua-5.2.4",
              "default": true
            },
            {
              "name": "doc",
              "path": "/nix/store/hgqspi5x0pzgmd8fzwhvcbba05f57hpl-lua-5.2.4-doc"
            }
          ],
          "store_path": "/nix/store/3c91cxfl0nwhjqpd7gadb7mj33fzhwkv-lua-5.2.4"
        },
        "x86_64-linux": {
          "outputs": [
            {
              "name": "out",
              "path": "/nix/store/x7hwkanrnpldwawl1whvlyhg6762kzid-lua-5.2.4",
              "default": true
            },
            {
              "name": "doc",
              "path": "/nix/store/c50azph28b1zk8af741qfcivw28nlcas-lua-5.2.4-doc"
            }
          ],
          "store_path": "/nix/store/x7hwkanrnpldwawl1whvlyhg6762kzid-lua-5.2.4"
        }
      }
    },
    "neovim@latest": {
      "last_modified": "2025-02-07T11:26:36Z",
      "resolved": "github:NixOS/nixpkgs/d98abf5cf5914e5e4e9d57205e3af55ca90ffc1d#neovim",
      "source": "devbox-search",
      "version": "0.10.4",
      "systems": {
        "aarch64-darwin": {
          "outputs": [
            {
              "name": "out",
              "path": "/nix/store/dsn4k9wp16xv1j4b7l0d4liwbk98ya44-neovim-0.10.4",
              "default": true
            }
          ],
          "store_path": "/nix/store/dsn4k9wp16xv1j4b7l0d4liwbk98ya44-neovim-0.10.4"
        },
        "aarch64-linux": {
          "outputs": [
            {
              "name": "out",
              "path": "/nix/store/mpq2wyqkippwzj8m2lx4qzn01kqjbfa5-neovim-0.10.4",
              "default": true
            }
          ],
          "store_path": "/nix/store/mpq2wyqkippwzj8m2lx4qzn01kqjbfa5-neovim-0.10.4"
        },
        "x86_64-darwin": {
          "outputs": [
            {
              "name": "out",
              "path": "/nix/store/izwv6gp1la8rcjax5xb8z0k8ws9j8al2-neovim-0.10.4",
              "default": true
            }
          ],
          "store_path": "/nix/store/izwv6gp1la8rcjax5xb8z0k8ws9j8al2-neovim-0.10.4"
        },
        "x86_64-linux": {
          "outputs": [
            {
              "name": "out",
              "path": "/nix/store/fhzw8ah6s37q2p9pak7d2alzhx0m137h-neovim-0.10.4",
              "default": true
            }
          ],
          "store_path": "/nix/store/fhzw8ah6s37q2p9pak7d2alzhx0m137h-neovim-0.10.4"
        }
      }
    },
    "podman@latest": {
      "last_modified": "2025-02-20T02:45:56Z",
      "resolved": "github:NixOS/nixpkgs/dad564433178067be1fbdfcce23b546254b6d641#podman",
      "source": "devbox-search",
      "version": "5.4.0",
      "systems": {
        "aarch64-darwin": {
          "outputs": [
            {
              "name": "out",
              "path": "/nix/store/jizlgnr75dzqj1mlzajkax828npyzj2r-podman-5.4.0",
              "default": true
            },
            {
              "name": "man",
              "path": "/nix/store/jx6dya4kwny25vwkbwf9n0nl6ykbcraj-podman-5.4.0-man",
              "default": true
            }
          ],
          "store_path": "/nix/store/jizlgnr75dzqj1mlzajkax828npyzj2r-podman-5.4.0"
        },
        "aarch64-linux": {
          "outputs": [
            {
              "name": "out",
              "path": "/nix/store/rix0gb1g11c1jjmi9lvr73w1ssi9wyhw-podman-5.4.0",
              "default": true
            },
            {
              "name": "man",
              "path": "/nix/store/kyxzdl99i9bfq82y6kfz9130z997fx5y-podman-5.4.0-man",
              "default": true
            }
          ],
          "store_path": "/nix/store/rix0gb1g11c1jjmi9lvr73w1ssi9wyhw-podman-5.4.0"
        },
        "x86_64-darwin": {
          "outputs": [
            {
              "name": "out",
              "path": "/nix/store/89iilyi790m2k8jg8za4mmcqlcg6i1xb-podman-5.4.0",
              "default": true
            },
            {
              "name": "man",
              "path": "/nix/store/974p7qh5xafldmgjmcjjgcy4zl1v1qb0-podman-5.4.0-man",
              "default": true
            }
          ],
          "store_path": "/nix/store/89iilyi790m2k8jg8za4mmcqlcg6i1xb-podman-5.4.0"
        },
        "x86_64-linux": {
          "outputs": [
            {
              "name": "out",
              "path": "/nix/store/517jf6w5d2l5gi7b78f1z38yy1kkwwv9-podman-5.4.0",
              "default": true
            },
            {
              "name": "man",
              "path": "/nix/store/2ypdyjrxd8zqlf7nklqz7gf407wm63sz-podman-5.4.0-man",
              "default": true
            }
          ],
          "store_path": "/nix/store/517jf6w5d2l5gi7b78f1z38yy1kkwwv9-podman-5.4.0"
        }
      }
    },
    "ripgrep@latest": {
      "last_modified": "2025-02-07T11:26:36Z",
      "resolved": "github:NixOS/nixpkgs/d98abf5cf5914e5e4e9d57205e3af55ca90ffc1d#ripgrep",
      "source": "devbox-search",
      "version": "14.1.1",
      "systems": {
        "aarch64-darwin": {
          "outputs": [
            {
              "name": "out",
              "path": "/nix/store/xbwga7p976nr1y258s0wibg1v3lrpj6f-ripgrep-14.1.1",
              "default": true
            }
          ],
          "store_path": "/nix/store/xbwga7p976nr1y258s0wibg1v3lrpj6f-ripgrep-14.1.1"
        },
        "aarch64-linux": {
          "outputs": [
            {
              "name": "out",
              "path": "/nix/store/a6fb6qndpljifx78n0f1hnx0lqs90v8c-ripgrep-14.1.1",
              "default": true
            }
          ],
          "store_path": "/nix/store/a6fb6qndpljifx78n0f1hnx0lqs90v8c-ripgrep-14.1.1"
        },
        "x86_64-darwin": {
          "outputs": [
            {
              "name": "out",
              "path": "/nix/store/3svg07dm8p1m4j7nk472mlp0j4f0gada-ripgrep-14.1.1",
              "default": true
            }
          ],
          "store_path": "/nix/store/3svg07dm8p1m4j7nk472mlp0j4f0gada-ripgrep-14.1.1"
        },
        "x86_64-linux": {
          "outputs": [
            {
              "name": "out",
              "path": "/nix/store/r16zs84i0hqdbz4lijjwxxl21c2j9zid-ripgrep-14.1.1",
              "default": true
            }
          ],
          "store_path": "/nix/store/r16zs84i0hqdbz4lijjwxxl21c2j9zid-ripgrep-14.1.1"
        }
      }
    },
    "tmux@latest": {
      "last_modified": "2024-09-28T11:58:19Z",
      "resolved": "github:NixOS/nixpkgs/b5b2fecd0cadd82ef107c9583018f381ae70f222#tmux",
      "source": "devbox-search",
      "version": "3.5",
      "systems": {
        "aarch64-darwin": {
          "outputs": [
            {
              "name": "out",
              "path": "/nix/store/hb9rmacsyjn2jbkfl12ax66qj9z86w8l-tmux-3.5",
              "default": true
            },
            {
              "name": "man",
              "path": "/nix/store/fzmxcplr3rqr0vm642fyschn4n43q43p-tmux-3.5-man",
              "default": true
            }
          ],
          "store_path": "/nix/store/hb9rmacsyjn2jbkfl12ax66qj9z86w8l-tmux-3.5"
        },
        "aarch64-linux": {
          "outputs": [
            {
              "name": "out",
              "path": "/nix/store/02sk9lggxfn3l59fk4zcyz5mr2li0zk9-tmux-3.5",
              "default": true
            },
            {
              "name": "man",
              "path": "/nix/store/mhsiwx0famlrp02d0lkiwdjiad5kc0qi-tmux-3.5-man",
              "default": true
            }
          ],
          "store_path": "/nix/store/02sk9lggxfn3l59fk4zcyz5mr2li0zk9-tmux-3.5"
        },
        "x86_64-darwin": {
          "outputs": [
            {
              "name": "out",
              "path": "/nix/store/ssaxd12iqz2mzacm782jpmyhdwydd4ra-tmux-3.5",
              "default": true
            },
            {
              "name": "man",
              "path": "/nix/store/zwsa51g32xdfpk9q2lpvvbrixf6jzhp3-tmux-3.5-man",
              "default": true
            }
          ],
          "store_path": "/nix/store/ssaxd12iqz2mzacm782jpmyhdwydd4ra-tmux-3.5"
        },
        "x86_64-linux": {
          "outputs": [
            {
              "name": "out",
              "path": "/nix/store/ci8crawb4cqjlqsmvbr9q27hpc16pbf9-tmux-3.5",
              "default": true
            },
            {
              "name": "man",
              "path": "/nix/store/ld4q0lkfk2vkh4jj6ql01j0qyb2g8qlj-tmux-3.5-man",
              "default": true
            }
          ],
          "store_path": "/nix/store/ci8crawb4cqjlqsmvbr9q27hpc16pbf9-tmux-3.5"
        }
      }
    },
    "unzip@latest": {
      "last_modified": "2025-02-07T11:26:36Z",
      "resolved": "github:NixOS/nixpkgs/d98abf5cf5914e5e4e9d57205e3af55ca90ffc1d#unzip",
      "source": "devbox-search",
      "version": "6.0",
      "systems": {
        "aarch64-darwin": {
          "outputs": [
            {
              "name": "out",
              "path": "/nix/store/ndyzy5xril17iminb73vagw72ybza7xh-unzip-6.0",
              "default": true
            }
          ],
          "store_path": "/nix/store/ndyzy5xril17iminb73vagw72ybza7xh-unzip-6.0"
        },
        "aarch64-linux": {
          "outputs": [
            {
              "name": "out",
              "path": "/nix/store/78d8rfn8px97lvf66517963k0nrhsma3-unzip-6.0",
              "default": true
            }
          ],
          "store_path": "/nix/store/78d8rfn8px97lvf66517963k0nrhsma3-unzip-6.0"
        },
        "x86_64-darwin": {
          "outputs": [
            {
              "name": "out",
              "path": "/nix/store/r0pnvhl9jnjs53brbp6fhhrm2066iifa-unzip-6.0",
              "default": true
            }
          ],
          "store_path": "/nix/store/r0pnvhl9jnjs53brbp6fhhrm2066iifa-unzip-6.0"
        },
        "x86_64-linux": {
          "outputs": [
            {
              "name": "out",
              "path": "/nix/store/kvasrfyp7w14pd884xn6mmgana70gzh4-unzip-6.0",
              "default": true
            }
          ],
          "store_path": "/nix/store/kvasrfyp7w14pd884xn6mmgana70gzh4-unzip-6.0"
        }
      }
    },
    "xclip@latest": {
      "last_modified": "2025-02-07T11:26:36Z",
      "resolved": "github:NixOS/nixpkgs/d98abf5cf5914e5e4e9d57205e3af55ca90ffc1d#xclip",
      "source": "devbox-search",
      "version": "0.13",
      "systems": {
        "aarch64-darwin": {
          "outputs": [
            {
              "name": "out",
              "path": "/nix/store/c5zwpy6bs705jfs7hvc71fkiprpxhkz1-xclip-0.13",
              "default": true
            }
          ],
          "store_path": "/nix/store/c5zwpy6bs705jfs7hvc71fkiprpxhkz1-xclip-0.13"
        },
        "aarch64-linux": {
          "outputs": [
            {
              "name": "out",
              "path": "/nix/store/hpdbi4q11srk4lc6inn5dxgjnyczxyi7-xclip-0.13",
              "default": true
            }
          ],
          "store_path": "/nix/store/hpdbi4q11srk4lc6inn5dxgjnyczxyi7-xclip-0.13"
        },
        "x86_64-darwin": {
          "outputs": [
            {
              "name": "out",
              "path": "/nix/store/spfwk9nimd2ik8arv767zxl98qw4wp1h-xclip-0.13",
              "default": true
            }
          ],
          "store_path": "/nix/store/spfwk9nimd2ik8arv767zxl98qw4wp1h-xclip-0.13"
        },
        "x86_64-linux": {
          "outputs": [
            {
              "name": "out",
              "path": "/nix/store/644nkn7c0pvd5x62i5m2dm9ss9c8rx2i-xclip-0.13",
              "default": true
            }
          ],
          "store_path": "/nix/store/644nkn7c0pvd5x62i5m2dm9ss9c8rx2i-xclip-0.13"
        }
      }
    }
  }
}
